
Microsoft Visual Studio Solution File, Format Version 12.00
# Visual Studio Version 16
VisualStudioVersion = 16.0.31605.320
MinimumVisualStudioVersion = 10.0.40219.1
Project("{FAE04EC0-301F-11D3-BF4B-00C04F79EFBC}") = "LA1200_NumberGuesser", "LA1200_NumberGuesser\LA1200_NumberGuesser.csproj", "{C91EB0FE-0BA9-4A9D-A187-6A37AC908C95}"
EndProject
Global
	GlobalSection(SolutionConfigurationPlatforms) = preSolution
		Debug|Any CPU = Debug|Any CPU
		Release|Any CPU = Release|Any CPU
	EndGlobalSection
	GlobalSection(ProjectConfigurationPlatforms) = postSolution
		{C91EB0FE-0BA9-4A9D-A187-6A37AC908C95}.Debug|Any CPU.ActiveCfg = Debug|Any CPU
		{C91EB0FE-0BA9-4A9D-A187-6A37AC908C95}.Debug|Any CPU.Build.0 = Debug|Any CPU
		{C91EB0FE-0BA9-4A9D-A187-6A37AC908C95}.Release|Any CPU.ActiveCfg = Release|Any CPU
		{C91EB0FE-0BA9-4A9D-A187-6A37AC908C95}.Release|Any CPU.Build.0 = Release|Any CPU
	EndGlobalSection
	GlobalSection(SolutionProperties) = preSolution
		HideSolutionNode = FALSE
	EndGlobalSection
	GlobalSection(ExtensibilityGlobals) = postSolution
		SolutionGuid = {4534C610-2906-4543-920F-A215965B4497}
	EndGlobalSection
EndGlobal
